
Microsoft Visual Studio Solution File, Format Version 12.00
# Visual Studio 14
VisualStudioVersion = 14.0.25420.1
MinimumVisualStudioVersion = 10.0.40219.1
Project("{FAE04EC0-301F-11D3-BF4B-00C04F79EFBC}") = "LuGradesBot", "LuGradesBot\LuGradesBot.csproj", "{9F861315-C4FA-40E1-BE82-17C5533B6982}"
EndProject
Project("{FAE04EC0-301F-11D3-BF4B-00C04F79EFBC}") = "LuGradesBot.Forms", "LuGradesBot.Forms\LuGradesBot.Forms.csproj", "{819A41B8-F0C6-43E0-80A4-9BA34258C429}"
EndProject
Project("{FAE04EC0-301F-11D3-BF4B-00C04F79EFBC}") = "LuGradesBot.Client.Droid", "LuGradesBot.Client\LuGradesBot.Client.Droid\LuGradesBot.Client.Droid.csproj", "{E3512413-651A-47F3-A7FC-76F36D86FB40}"
EndProject
Project("{FAE04EC0-301F-11D3-BF4B-00C04F79EFBC}") = "LuGradesBot.Client.iOS", "LuGradesBot.Client\LuGradesBot.Client.iOS\LuGradesBot.Client.iOS.csproj", "{AAF89DE9-2BA4-473A-976C-3DEEAA5E87EF}"
EndProject
Project("{D954291E-2A0B-460D-934E-DC6B0785DB48}") = "LuGradesBot.Client", "LuGradesBot.Client\LuGradesBot.Client\LuGradesBot.Client.shproj", "{1A67D279-8812-4391-9C6F-08DA3CD9E67F}"
EndProject
Global
	GlobalSection(SharedMSBuildProjectFiles) = preSolution
		LuGradesBot.Client\LuGradesBot.Client\LuGradesBot.Client.projitems*{1a67d279-8812-4391-9c6f-08da3cd9e67f}*SharedItemsImports = 13
		LuGradesBot.Client\LuGradesBot.Client\LuGradesBot.Client.projitems*{aaf89de9-2ba4-473a-976c-3deeaa5e87ef}*SharedItemsImports = 4
		LuGradesBot.Client\LuGradesBot.Client\LuGradesBot.Client.projitems*{e3512413-651a-47f3-a7fc-76f36d86fb40}*SharedItemsImports = 4
	EndGlobalSection
	GlobalSection(SolutionConfigurationPlatforms) = preSolution
		Ad-Hoc|Any CPU = Ad-Hoc|Any CPU
		Ad-Hoc|ARM = Ad-Hoc|ARM
		Ad-Hoc|iPhone = Ad-Hoc|iPhone
		Ad-Hoc|iPhoneSimulator = Ad-Hoc|iPhoneSimulator
		Ad-Hoc|x64 = Ad-Hoc|x64
		Ad-Hoc|x86 = Ad-Hoc|x86
		AppStore|Any CPU = AppStore|Any CPU
		AppStore|ARM = AppStore|ARM
		AppStore|iPhone = AppStore|iPhone
		AppStore|iPhoneSimulator = AppStore|iPhoneSimulator
		AppStore|x64 = AppStore|x64
		AppStore|x86 = AppStore|x86
		Debug|Any CPU = Debug|Any CPU
		Debug|ARM = Debug|ARM
		Debug|iPhone = Debug|iPhone
		Debug|iPhoneSimulator = Debug|iPhoneSimulator
		Debug|x64 = Debug|x64
		Debug|x86 = Debug|x86
		Release|Any CPU = Release|Any CPU
		Release|ARM = Release|ARM
		Release|iPhone = Release|iPhone
		Release|iPhoneSimulator = Release|iPhoneSimulator
		Release|x64 = Release|x64
		Release|x86 = Release|x86
	EndGlobalSection
	GlobalSection(ProjectConfigurationPlatforms) = postSolution
		{9F861315-C4FA-40E1-BE82-17C5533B6982}.Ad-Hoc|Any CPU.ActiveCfg = Release|Any CPU
		{9F861315-C4FA-40E1-BE82-17C5533B6982}.Ad-Hoc|Any CPU.Build.0 = Release|Any CPU
		{9F861315-C4FA-40E1-BE82-17C5533B6982}.Ad-Hoc|ARM.ActiveCfg = Release|Any CPU
		{9F861315-C4FA-40E1-BE82-17C5533B6982}.Ad-Hoc|ARM.Build.0 = Release|Any CPU
		{9F861315-C4FA-40E1-BE82-17C5533B6982}.Ad-Hoc|iPhone.ActiveCfg = Release|Any CPU
		{9F861315-C4FA-40E1-BE82-17C5533B6982}.Ad-Hoc|iPhone.Build.0 = Release|Any CPU
		{9F861315-C4FA-40E1-BE82-17C5533B6982}.Ad-Hoc|iPhoneSimulator.ActiveCfg = Release|Any CPU
		{9F861315-C4FA-40E1-BE82-17C5533B6982}.Ad-Hoc|iPhoneSimulator.Build.0 = Release|Any CPU
		{9F861315-C4FA-40E1-BE82-17C5533B6982}.Ad-Hoc|x64.ActiveCfg = Release|Any CPU
		{9F861315-C4FA-40E1-BE82-17C5533B6982}.Ad-Hoc|x64.Build.0 = Release|Any CPU
		{9F861315-C4FA-40E1-BE82-17C5533B6982}.Ad-Hoc|x86.ActiveCfg = Release|Any CPU
		{9F861315-C4FA-40E1-BE82-17C5533B6982}.Ad-Hoc|x86.Build.0 = Release|Any CPU
		{9F861315-C4FA-40E1-BE82-17C5533B6982}.AppStore|Any CPU.ActiveCfg = Release|Any CPU
		{9F861315-C4FA-40E1-BE82-17C5533B6982}.AppStore|Any CPU.Build.0 = Release|Any CPU
		{9F861315-C4FA-40E1-BE82-17C5533B6982}.AppStore|ARM.ActiveCfg = Release|Any CPU
		{9F861315-C4FA-40E1-BE82-17C5533B6982}.AppStore|ARM.Build.0 = Release|Any CPU
		{9F861315-C4FA-40E1-BE82-17C5533B6982}.AppStore|iPhone.ActiveCfg = Release|Any CPU
		{9F861315-C4FA-40E1-BE82-17C5533B6982}.AppStore|iPhone.Build.0 = Release|Any CPU
		{9F861315-C4FA-40E1-BE82-17C5533B6982}.AppStore|iPhoneSimulator.ActiveCfg = Release|Any CPU
		{9F861315-C4FA-40E1-BE82-17C5533B6982}.AppStore|iPhoneSimulator.Build.0 = Release|Any CPU
		{9F861315-C4FA-40E1-BE82-17C5533B6982}.AppStore|x64.ActiveCfg = Release|Any CPU
		{9F861315-C4FA-40E1-BE82-17C5533B6982}.AppStore|x64.Build.0 = Release|Any CPU
		{9F861315-C4FA-40E1-BE82-17C5533B6982}.AppStore|x86.ActiveCfg = Release|Any CPU
		{9F861315-C4FA-40E1-BE82-17C5533B6982}.AppStore|x86.Build.0 = Release|Any CPU
		{9F861315-C4FA-40E1-BE82-17C5533B6982}.Debug|Any CPU.ActiveCfg = Debug|Any CPU
		{9F861315-C4FA-40E1-BE82-17C5533B6982}.Debug|Any CPU.Build.0 = Debug|Any CPU
		{9F861315-C4FA-40E1-BE82-17C5533B6982}.Debug|ARM.ActiveCfg = Debug|Any CPU
		{9F861315-C4FA-40E1-BE82-17C5533B6982}.Debug|ARM.Build.0 = Debug|Any CPU
		{9F861315-C4FA-40E1-BE82-17C5533B6982}.Debug|iPhone.ActiveCfg = Debug|Any CPU
		{9F861315-C4FA-40E1-BE82-17C5533B6982}.Debug|iPhone.Build.0 = Debug|Any CPU
		{9F861315-C4FA-40E1-BE82-17C5533B6982}.Debug|iPhoneSimulator.ActiveCfg = Debug|Any CPU
		{9F861315-C4FA-40E1-BE82-17C5533B6982}.Debug|iPhoneSimulator.Build.0 = Debug|Any CPU
		{9F861315-C4FA-40E1-BE82-17C5533B6982}.Debug|x64.ActiveCfg = Debug|Any CPU
		{9F861315-C4FA-40E1-BE82-17C5533B6982}.Debug|x64.Build.0 = Debug|Any CPU
		{9F861315-C4FA-40E1-BE82-17C5533B6982}.Debug|x86.ActiveCfg = Debug|Any CPU
		{9F861315-C4FA-40E1-BE82-17C5533B6982}.Debug|x86.Build.0 = Debug|Any CPU
		{9F861315-C4FA-40E1-BE82-17C5533B6982}.Release|Any CPU.ActiveCfg = Release|Any CPU
		{9F861315-C4FA-40E1-BE82-17C5533B6982}.Release|Any CPU.Build.0 = Release|Any CPU
		{9F861315-C4FA-40E1-BE82-17C5533B6982}.Release|ARM.ActiveCfg = Release|Any CPU
		{9F861315-C4FA-40E1-BE82-17C5533B6982}.Release|ARM.Build.0 = Release|Any CPU
		{9F861315-C4FA-40E1-BE82-17C5533B6982}.Release|iPhone.ActiveCfg = Release|Any CPU
		{9F861315-C4FA-40E1-BE82-17C5533B6982}.Release|iPhone.Build.0 = Release|Any CPU
		{9F861315-C4FA-40E1-BE82-17C5533B6982}.Release|iPhoneSimulator.ActiveCfg = Release|Any CPU
		{9F861315-C4FA-40E1-BE82-17C5533B6982}.Release|iPhoneSimulator.Build.0 = Release|Any CPU
		{9F861315-C4FA-40E1-BE82-17C5533B6982}.Release|x64.ActiveCfg = Release|Any CPU
		{9F861315-C4FA-40E1-BE82-17C5533B6982}.Release|x64.Build.0 = Release|Any CPU
		{9F861315-C4FA-40E1-BE82-17C5533B6982}.Release|x86.ActiveCfg = Release|Any CPU
		{9F861315-C4FA-40E1-BE82-17C5533B6982}.Release|x86.Build.0 = Release|Any CPU
		{819A41B8-F0C6-43E0-80A4-9BA34258C429}.Ad-Hoc|Any CPU.ActiveCfg = Release|Any CPU
		{819A41B8-F0C6-43E0-80A4-9BA34258C429}.Ad-Hoc|Any CPU.Build.0 = Release|Any CPU
		{819A41B8-F0C6-43E0-80A4-9BA34258C429}.Ad-Hoc|ARM.ActiveCfg = Release|Any CPU
		{819A41B8-F0C6-43E0-80A4-9BA34258C429}.Ad-Hoc|ARM.Build.0 = Release|Any CPU
		{819A41B8-F0C6-43E0-80A4-9BA34258C429}.Ad-Hoc|iPhone.ActiveCfg = Release|Any CPU
		{819A41B8-F0C6-43E0-80A4-9BA34258C429}.Ad-Hoc|iPhone.Build.0 = Release|Any CPU
		{819A41B8-F0C6-43E0-80A4-9BA34258C429}.Ad-Hoc|iPhoneSimulator.ActiveCfg = Release|Any CPU
		{819A41B8-F0C6-43E0-80A4-9BA34258C429}.Ad-Hoc|iPhoneSimulator.Build.0 = Release|Any CPU
		{819A41B8-F0C6-43E0-80A4-9BA34258C429}.Ad-Hoc|x64.ActiveCfg = Release|Any CPU
		{819A41B8-F0C6-43E0-80A4-9BA34258C429}.Ad-Hoc|x64.Build.0 = Release|Any CPU
		{819A41B8-F0C6-43E0-80A4-9BA34258C429}.Ad-Hoc|x86.ActiveCfg = Release|Any CPU
		{819A41B8-F0C6-43E0-80A4-9BA34258C429}.Ad-Hoc|x86.Build.0 = Release|Any CPU
		{819A41B8-F0C6-43E0-80A4-9BA34258C429}.AppStore|Any CPU.ActiveCfg = Release|Any CPU
		{819A41B8-F0C6-43E0-80A4-9BA34258C429}.AppStore|Any CPU.Build.0 = Release|Any CPU
		{819A41B8-F0C6-43E0-80A4-9BA34258C429}.AppStore|ARM.ActiveCfg = Release|Any CPU
		{819A41B8-F0C6-43E0-80A4-9BA34258C429}.AppStore|ARM.Build.0 = Release|Any CPU
		{819A41B8-F0C6-43E0-80A4-9BA34258C429}.AppStore|iPhone.ActiveCfg = Release|Any CPU
		{819A41B8-F0C6-43E0-80A4-9BA34258C429}.AppStore|iPhone.Build.0 = Release|Any CPU
		{819A41B8-F0C6-43E0-80A4-9BA34258C429}.AppStore|iPhoneSimulator.ActiveCfg = Release|Any CPU
		{819A41B8-F0C6-43E0-80A4-9BA34258C429}.AppStore|iPhoneSimulator.Build.0 = Release|Any CPU
		{819A41B8-F0C6-43E0-80A4-9BA34258C429}.AppStore|x64.ActiveCfg = Release|Any CPU
		{819A41B8-F0C6-43E0-80A4-9BA34258C429}.AppStore|x64.Build.0 = Release|Any CPU
		{819A41B8-F0C6-43E0-80A4-9BA34258C429}.AppStore|x86.ActiveCfg = Release|Any CPU
		{819A41B8-F0C6-43E0-80A4-9BA34258C429}.AppStore|x86.Build.0 = Release|Any CPU
		{819A41B8-F0C6-43E0-80A4-9BA34258C429}.Debug|Any CPU.ActiveCfg = Debug|Any CPU
		{819A41B8-F0C6-43E0-80A4-9BA34258C429}.Debug|Any CPU.Build.0 = Debug|Any CPU
		{819A41B8-F0C6-43E0-80A4-9BA34258C429}.Debug|ARM.ActiveCfg = Debug|Any CPU
		{819A41B8-F0C6-43E0-80A4-9BA34258C429}.Debug|ARM.Build.0 = Debug|Any CPU
		{819A41B8-F0C6-43E0-80A4-9BA34258C429}.Debug|iPhone.ActiveCfg = Debug|Any CPU
		{819A41B8-F0C6-43E0-80A4-9BA34258C429}.Debug|iPhone.Build.0 = Debug|Any CPU
		{819A41B8-F0C6-43E0-80A4-9BA34258C429}.Debug|iPhoneSimulator.ActiveCfg = Debug|Any CPU
		{819A41B8-F0C6-43E0-80A4-9BA34258C429}.Debug|iPhoneSimulator.Build.0 = Debug|Any CPU
		{819A41B8-F0C6-43E0-80A4-9BA34258C429}.Debug|x64.ActiveCfg = Debug|Any CPU
		{819A41B8-F0C6-43E0-80A4-9BA34258C429}.Debug|x64.Build.0 = Debug|Any CPU
		{819A41B8-F0C6-43E0-80A4-9BA34258C429}.Debug|x86.ActiveCfg = Debug|Any CPU
		{819A41B8-F0C6-43E0-80A4-9BA34258C429}.Debug|x86.Build.0 = Debug|Any CPU
		{819A41B8-F0C6-43E0-80A4-9BA34258C429}.Release|Any CPU.ActiveCfg = Release|Any CPU
		{819A41B8-F0C6-43E0-80A4-9BA34258C429}.Release|Any CPU.Build.0 = Release|Any CPU
		{819A41B8-F0C6-43E0-80A4-9BA34258C429}.Release|ARM.ActiveCfg = Release|Any CPU
		{819A41B8-F0C6-43E0-80A4-9BA34258C429}.Release|ARM.Build.0 = Release|Any CPU
		{819A41B8-F0C6-43E0-80A4-9BA34258C429}.Release|iPhone.ActiveCfg = Release|Any CPU
		{819A41B8-F0C6-43E0-80A4-9BA34258C429}.Release|iPhone.Build.0 = Release|Any CPU
		{819A41B8-F0C6-43E0-80A4-9BA34258C429}.Release|iPhoneSimulator.ActiveCfg = Release|Any CPU
		{819A41B8-F0C6-43E0-80A4-9BA34258C429}.Release|iPhoneSimulator.Build.0 = Release|Any CPU
		{819A41B8-F0C6-43E0-80A4-9BA34258C429}.Release|x64.ActiveCfg = Release|Any CPU
		{819A41B8-F0C6-43E0-80A4-9BA34258C429}.Release|x64.Build.0 = Release|Any CPU
		{819A41B8-F0C6-43E0-80A4-9BA34258C429}.Release|x86.ActiveCfg = Release|Any CPU
		{819A41B8-F0C6-43E0-80A4-9BA34258C429}.Release|x86.Build.0 = Release|Any CPU
		{E3512413-651A-47F3-A7FC-76F36D86FB40}.Ad-Hoc|Any CPU.ActiveCfg = Release|Any CPU
		{E3512413-651A-47F3-A7FC-76F36D86FB40}.Ad-Hoc|Any CPU.Build.0 = Release|Any CPU
		{E3512413-651A-47F3-A7FC-76F36D86FB40}.Ad-Hoc|Any CPU.Deploy.0 = Release|Any CPU
		{E3512413-651A-47F3-A7FC-76F36D86FB40}.Ad-Hoc|ARM.ActiveCfg = Release|Any CPU
		{E3512413-651A-47F3-A7FC-76F36D86FB40}.Ad-Hoc|ARM.Build.0 = Release|Any CPU
		{E3512413-651A-47F3-A7FC-76F36D86FB40}.Ad-Hoc|ARM.Deploy.0 = Release|Any CPU
		{E3512413-651A-47F3-A7FC-76F36D86FB40}.Ad-Hoc|iPhone.ActiveCfg = Release|Any CPU
		{E3512413-651A-47F3-A7FC-76F36D86FB40}.Ad-Hoc|iPhone.Build.0 = Release|Any CPU
		{E3512413-651A-47F3-A7FC-76F36D86FB40}.Ad-Hoc|iPhone.Deploy.0 = Release|Any CPU
		{E3512413-651A-47F3-A7FC-76F36D86FB40}.Ad-Hoc|iPhoneSimulator.ActiveCfg = Release|Any CPU
		{E3512413-651A-47F3-A7FC-76F36D86FB40}.Ad-Hoc|iPhoneSimulator.Build.0 = Release|Any CPU
		{E3512413-651A-47F3-A7FC-76F36D86FB40}.Ad-Hoc|iPhoneSimulator.Deploy.0 = Release|Any CPU
		{E3512413-651A-47F3-A7FC-76F36D86FB40}.Ad-Hoc|x64.ActiveCfg = Release|Any CPU
		{E3512413-651A-47F3-A7FC-76F36D86FB40}.Ad-Hoc|x64.Build.0 = Release|Any CPU
		{E3512413-651A-47F3-A7FC-76F36D86FB40}.Ad-Hoc|x64.Deploy.0 = Release|Any CPU
		{E3512413-651A-47F3-A7FC-76F36D86FB40}.Ad-Hoc|x86.ActiveCfg = Release|Any CPU
		{E3512413-651A-47F3-A7FC-76F36D86FB40}.Ad-Hoc|x86.Build.0 = Release|Any CPU
		{E3512413-651A-47F3-A7FC-76F36D86FB40}.Ad-Hoc|x86.Deploy.0 = Release|Any CPU
		{E3512413-651A-47F3-A7FC-76F36D86FB40}.AppStore|Any CPU.ActiveCfg = Release|Any CPU
		{E3512413-651A-47F3-A7FC-76F36D86FB40}.AppStore|Any CPU.Build.0 = Release|Any CPU
		{E3512413-651A-47F3-A7FC-76F36D86FB40}.AppStore|Any CPU.Deploy.0 = Release|Any CPU
		{E3512413-651A-47F3-A7FC-76F36D86FB40}.AppStore|ARM.ActiveCfg = Release|Any CPU
		{E3512413-651A-47F3-A7FC-76F36D86FB40}.AppStore|ARM.Build.0 = Release|Any CPU
		{E3512413-651A-47F3-A7FC-76F36D86FB40}.AppStore|ARM.Deploy.0 = Release|Any CPU
		{E3512413-651A-47F3-A7FC-76F36D86FB40}.AppStore|iPhone.ActiveCfg = Release|Any CPU
		{E3512413-651A-47F3-A7FC-76F36D86FB40}.AppStore|iPhone.Build.0 = Release|Any CPU
		{E3512413-651A-47F3-A7FC-76F36D86FB40}.AppStore|iPhone.Deploy.0 = Release|Any CPU
		{E3512413-651A-47F3-A7FC-76F36D86FB40}.AppStore|iPhoneSimulator.ActiveCfg = Release|Any CPU
		{E3512413-651A-47F3-A7FC-76F36D86FB40}.AppStore|iPhoneSimulator.Build.0 = Release|Any CPU
		{E3512413-651A-47F3-A7FC-76F36D86FB40}.AppStore|iPhoneSimulator.Deploy.0 = Release|Any CPU
		{E3512413-651A-47F3-A7FC-76F36D86FB40}.AppStore|x64.ActiveCfg = Release|Any CPU
		{E3512413-651A-47F3-A7FC-76F36D86FB40}.AppStore|x64.Build.0 = Release|Any CPU
		{E3512413-651A-47F3-A7FC-76F36D86FB40}.AppStore|x64.Deploy.0 = Release|Any CPU
		{E3512413-651A-47F3-A7FC-76F36D86FB40}.AppStore|x86.ActiveCfg = Release|Any CPU
		{E3512413-651A-47F3-A7FC-76F36D86FB40}.AppStore|x86.Build.0 = Release|Any CPU
		{E3512413-651A-47F3-A7FC-76F36D86FB40}.AppStore|x86.Deploy.0 = Release|Any CPU
		{E3512413-651A-47F3-A7FC-76F36D86FB40}.Debug|Any CPU.ActiveCfg = Debug|Any CPU
		{E3512413-651A-47F3-A7FC-76F36D86FB40}.Debug|Any CPU.Build.0 = Debug|Any CPU
		{E3512413-651A-47F3-A7FC-76F36D86FB40}.Debug|Any CPU.Deploy.0 = Debug|Any CPU
		{E3512413-651A-47F3-A7FC-76F36D86FB40}.Debug|ARM.ActiveCfg = Debug|Any CPU
		{E3512413-651A-47F3-A7FC-76F36D86FB40}.Debug|ARM.Build.0 = Debug|Any CPU
		{E3512413-651A-47F3-A7FC-76F36D86FB40}.Debug|ARM.Deploy.0 = Debug|Any CPU
		{E3512413-651A-47F3-A7FC-76F36D86FB40}.Debug|iPhone.ActiveCfg = Debug|Any CPU
		{E3512413-651A-47F3-A7FC-76F36D86FB40}.Debug|iPhone.Build.0 = Debug|Any CPU
		{E3512413-651A-47F3-A7FC-76F36D86FB40}.Debug|iPhone.Deploy.0 = Debug|Any CPU
		{E3512413-651A-47F3-A7FC-76F36D86FB40}.Debug|iPhoneSimulator.ActiveCfg = Debug|Any CPU
		{E3512413-651A-47F3-A7FC-76F36D86FB40}.Debug|iPhoneSimulator.Build.0 = Debug|Any CPU
		{E3512413-651A-47F3-A7FC-76F36D86FB40}.Debug|iPhoneSimulator.Deploy.0 = Debug|Any CPU
		{E3512413-651A-47F3-A7FC-76F36D86FB40}.Debug|x64.ActiveCfg = Debug|Any CPU
		{E3512413-651A-47F3-A7FC-76F36D86FB40}.Debug|x64.Build.0 = Debug|Any CPU
		{E3512413-651A-47F3-A7FC-76F36D86FB40}.Debug|x64.Deploy.0 = Debug|Any CPU
		{E3512413-651A-47F3-A7FC-76F36D86FB40}.Debug|x86.ActiveCfg = Debug|Any CPU
		{E3512413-651A-47F3-A7FC-76F36D86FB40}.Debug|x86.Build.0 = Debug|Any CPU
		{E3512413-651A-47F3-A7FC-76F36D86FB40}.Debug|x86.Deploy.0 = Debug|Any CPU
		{E3512413-651A-47F3-A7FC-76F36D86FB40}.Release|Any CPU.ActiveCfg = Release|Any CPU
		{E3512413-651A-47F3-A7FC-76F36D86FB40}.Release|Any CPU.Build.0 = Release|Any CPU
		{E3512413-651A-47F3-A7FC-76F36D86FB40}.Release|Any CPU.Deploy.0 = Release|Any CPU
		{E3512413-651A-47F3-A7FC-76F36D86FB40}.Release|ARM.ActiveCfg = Release|Any CPU
		{E3512413-651A-47F3-A7FC-76F36D86FB40}.Release|ARM.Build.0 = Release|Any CPU
		{E3512413-651A-47F3-A7FC-76F36D86FB40}.Release|ARM.Deploy.0 = Release|Any CPU
		{E3512413-651A-47F3-A7FC-76F36D86FB40}.Release|iPhone.ActiveCfg = Release|Any CPU
		{E3512413-651A-47F3-A7FC-76F36D86FB40}.Release|iPhone.Build.0 = Release|Any CPU
		{E3512413-651A-47F3-A7FC-76F36D86FB40}.Release|iPhone.Deploy.0 = Release|Any CPU
		{E3512413-651A-47F3-A7FC-76F36D86FB40}.Release|iPhoneSimulator.ActiveCfg = Release|Any CPU
		{E3512413-651A-47F3-A7FC-76F36D86FB40}.Release|iPhoneSimulator.Build.0 = Release|Any CPU
		{E3512413-651A-47F3-A7FC-76F36D86FB40}.Release|iPhoneSimulator.Deploy.0 = Release|Any CPU
		{E3512413-651A-47F3-A7FC-76F36D86FB40}.Release|x64.ActiveCfg = Release|Any CPU
		{E3512413-651A-47F3-A7FC-76F36D86FB40}.Release|x64.Build.0 = Release|Any CPU
		{E3512413-651A-47F3-A7FC-76F36D86FB40}.Release|x64.Deploy.0 = Release|Any CPU
		{E3512413-651A-47F3-A7FC-76F36D86FB40}.Release|x86.ActiveCfg = Release|Any CPU
		{E3512413-651A-47F3-A7FC-76F36D86FB40}.Release|x86.Build.0 = Release|Any CPU
		{E3512413-651A-47F3-A7FC-76F36D86FB40}.Release|x86.Deploy.0 = Release|Any CPU
		{AAF89DE9-2BA4-473A-976C-3DEEAA5E87EF}.Ad-Hoc|Any CPU.ActiveCfg = Ad-Hoc|iPhone
		{AAF89DE9-2BA4-473A-976C-3DEEAA5E87EF}.Ad-Hoc|ARM.ActiveCfg = Ad-Hoc|iPhone
		{AAF89DE9-2BA4-473A-976C-3DEEAA5E87EF}.Ad-Hoc|iPhone.ActiveCfg = Ad-Hoc|iPhone
		{AAF89DE9-2BA4-473A-976C-3DEEAA5E87EF}.Ad-Hoc|iPhone.Build.0 = Ad-Hoc|iPhone
		{AAF89DE9-2BA4-473A-976C-3DEEAA5E87EF}.Ad-Hoc|iPhoneSimulator.ActiveCfg = Ad-Hoc|iPhoneSimulator
		{AAF89DE9-2BA4-473A-976C-3DEEAA5E87EF}.Ad-Hoc|iPhoneSimulator.Build.0 = Ad-Hoc|iPhoneSimulator
		{AAF89DE9-2BA4-473A-976C-3DEEAA5E87EF}.Ad-Hoc|x64.ActiveCfg = Ad-Hoc|iPhone
		{AAF89DE9-2BA4-473A-976C-3DEEAA5E87EF}.Ad-Hoc|x86.ActiveCfg = Ad-Hoc|iPhone
		{AAF89DE9-2BA4-473A-976C-3DEEAA5E87EF}.AppStore|Any CPU.ActiveCfg = AppStore|iPhone
		{AAF89DE9-2BA4-473A-976C-3DEEAA5E87EF}.AppStore|ARM.ActiveCfg = AppStore|iPhone
		{AAF89DE9-2BA4-473A-976C-3DEEAA5E87EF}.AppStore|iPhone.ActiveCfg = AppStore|iPhone
		{AAF89DE9-2BA4-473A-976C-3DEEAA5E87EF}.AppStore|iPhone.Build.0 = AppStore|iPhone
		{AAF89DE9-2BA4-473A-976C-3DEEAA5E87EF}.AppStore|iPhoneSimulator.ActiveCfg = AppStore|iPhoneSimulator
		{AAF89DE9-2BA4-473A-976C-3DEEAA5E87EF}.AppStore|iPhoneSimulator.Build.0 = AppStore|iPhoneSimulator
		{AAF89DE9-2BA4-473A-976C-3DEEAA5E87EF}.AppStore|x64.ActiveCfg = AppStore|iPhone
		{AAF89DE9-2BA4-473A-976C-3DEEAA5E87EF}.AppStore|x86.ActiveCfg = AppStore|iPhone
		{AAF89DE9-2BA4-473A-976C-3DEEAA5E87EF}.Debug|Any CPU.ActiveCfg = Debug|iPhone
		{AAF89DE9-2BA4-473A-976C-3DEEAA5E87EF}.Debug|ARM.ActiveCfg = Debug|iPhone
		{AAF89DE9-2BA4-473A-976C-3DEEAA5E87EF}.Debug|iPhone.ActiveCfg = Debug|iPhone
		{AAF89DE9-2BA4-473A-976C-3DEEAA5E87EF}.Debug|iPhone.Build.0 = Debug|iPhone
		{AAF89DE9-2BA4-473A-976C-3DEEAA5E87EF}.Debug|iPhoneSimulator.ActiveCfg = Debug|iPhoneSimulator
		{AAF89DE9-2BA4-473A-976C-3DEEAA5E87EF}.Debug|iPhoneSimulator.Build.0 = Debug|iPhoneSimulator
		{AAF89DE9-2BA4-473A-976C-3DEEAA5E87EF}.Debug|x64.ActiveCfg = Debug|iPhone
		{AAF89DE9-2BA4-473A-976C-3DEEAA5E87EF}.Debug|x86.ActiveCfg = Debug|iPhone
		{AAF89DE9-2BA4-473A-976C-3DEEAA5E87EF}.Release|Any CPU.ActiveCfg = Release|iPhone
		{AAF89DE9-2BA4-473A-976C-3DEEAA5E87EF}.Release|ARM.ActiveCfg = Release|iPhone
		{AAF89DE9-2BA4-473A-976C-3DEEAA5E87EF}.Release|iPhone.ActiveCfg = Release|iPhone
		{AAF89DE9-2BA4-473A-976C-3DEEAA5E87EF}.Release|iPhone.Build.0 = Release|iPhone
		{AAF89DE9-2BA4-473A-976C-3DEEAA5E87EF}.Release|iPhoneSimulator.ActiveCfg = Release|iPhoneSimulator
		{AAF89DE9-2BA4-473A-976C-3DEEAA5E87EF}.Release|iPhoneSimulator.Build.0 = Release|iPhoneSimulator
		{AAF89DE9-2BA4-473A-976C-3DEEAA5E87EF}.Release|x64.ActiveCfg = Release|iPhone
		{AAF89DE9-2BA4-473A-976C-3DEEAA5E87EF}.Release|x86.ActiveCfg = Release|iPhone
	EndGlobalSection
	GlobalSection(SolutionProperties) = preSolution
		HideSolutionNode = FALSE
	EndGlobalSection
EndGlobal
